github.com/apeyroux/gosm v0.0.0-20141123101329-8f3e37d8629e h1:QjP8uN1guPCeaHpd/ktUQFKFgf2LN7OcijpfFGmPzEU=
github.com/apeyroux/gosm v0.0.0-20141123101329-8f3e37d8629e/go.mod h1:mZyvRoHNtsjwoQWRQCGYAyXe3zRnyZ69fZQvCiY9sPo=
github.com/gorilla/mux v1.8.0 h1:i40aqfkR1h2SlN9hojwV5ZA91wcXFOvkdNIeFDP5koI=
github.com/gorilla/mux v1.8.0/go.mod h1:DVbg23sWSpFRCP0SfiEN6jmj59UnW/n46BH5rLB71So=
